
Microsoft Visual Studio Solution File, Format Version 12.00
# Visual Studio Version 17
VisualStudioVersion = 17.8.34316.72
MinimumVisualStudioVersion = 10.0.40219.1
Project("{FAE04EC0-301F-11D3-BF4B-00C04F79EFBC}") = "remise", "remise\remise.csproj", "{096F47D4-6827-4EB3-9E87-9F2699B57E16}"
EndProject
Global
	GlobalSection(SolutionConfigurationPlatforms) = preSolution
		Debug|Any CPU = Debug|Any CPU
		Release|Any CPU = Release|Any CPU
	EndGlobalSection
	GlobalSection(ProjectConfigurationPlatforms) = postSolution
		{096F47D4-6827-4EB3-9E87-9F2699B57E16}.Debug|Any CPU.ActiveCfg = Debug|Any CPU
		{096F47D4-6827-4EB3-9E87-9F2699B57E16}.Debug|Any CPU.Build.0 = Debug|Any CPU
		{096F47D4-6827-4EB3-9E87-9F2699B57E16}.Release|Any CPU.ActiveCfg = Release|Any CPU
		{096F47D4-6827-4EB3-9E87-9F2699B57E16}.Release|Any CPU.Build.0 = Release|Any CPU
	EndGlobalSection
	GlobalSection(SolutionProperties) = preSolution
		HideSolutionNode = FALSE
	EndGlobalSection
	GlobalSection(ExtensibilityGlobals) = postSolution
		SolutionGuid = {FCD69138-9602-4D66-9EF7-2CECA5A92310}
	EndGlobalSection
EndGlobal
